<?xml version="1.0" encoding="utf-8"?>
<Project ToolsVersion="4.0" xmlns="http://schemas.microsoft.com/developer/msbuild/2003">
  <ItemGroup>
    <ClCompile Include="main.cc" />
    <ClCompile Include="global_data.cc" />
    <ClCompile Include="preload_manager.cc" />
    <ClCompile Include="file_manager.cc" />
    <ClCompile Include="media_player.cc" />
    <ClCompile Include="cache_manager.cc" />
    <ClCompile Include="messager.cc" />
    <ClCompile Include="program.cc" />
    <ClCompile Include="mp4_parser.cc" />
    <ClCompile Include="http_client.cc" />
  </ItemGroup>
  <ItemGroup>
    <ClInclude Include="global_data.h" />
    <ClInclude Include="media_player.h" />
    <ClInclude Include="preload_manager.h" />
    <ClInclude Include="file_manager.h" />
    <ClInclude Include="cache_manager.h" />
    <ClInclude Include="messager.h" />
    <ClInclude Include="program.h" />
    <ClInclude Include="commons.h" />
    <ClInclude Include="mp4_parser.h" />
    <ClInclude Include="http_client.h" />
  </ItemGroup>
</Project>